
Microsoft Visual Studio Solution File, Format Version 12.00
# Visual Studio 15
VisualStudioVersion = 15.0.28307.645
MinimumVisualStudioVersion = 10.0.40219.1
Project("{FAE04EC0-301F-11D3-BF4B-00C04F79EFBC}") = "WindowsFormsApp_201710955", "WindowsFormsApp_201710955\WindowsFormsApp_201710955.csproj", "{A20165AE-A8F6-40FC-8920-074F4A392A63}"
EndProject
Global
	GlobalSection(SolutionConfigurationPlatforms) = preSolution
		Debug|Any CPU = Debug|Any CPU
		Release|Any CPU = Release|Any CPU
	EndGlobalSection
	GlobalSection(ProjectConfigurationPlatforms) = postSolution
		{A20165AE-A8F6-40FC-8920-074F4A392A63}.Debug|Any CPU.ActiveCfg = Debug|Any CPU
		{A20165AE-A8F6-40FC-8920-074F4A392A63}.Debug|Any CPU.Build.0 = Debug|Any CPU
		{A20165AE-A8F6-40FC-8920-074F4A392A63}.Release|Any CPU.ActiveCfg = Release|Any CPU
		{A20165AE-A8F6-40FC-8920-074F4A392A63}.Release|Any CPU.Build.0 = Release|Any CPU
	EndGlobalSection
	GlobalSection(SolutionProperties) = preSolution
		HideSolutionNode = FALSE
	EndGlobalSection
	GlobalSection(ExtensibilityGlobals) = postSolution
		SolutionGuid = {730F28FA-871D-47F5-927F-FCB7A9D621BE}
	EndGlobalSection
EndGlobal
